{
  "version": 4,
  "terraform_version": "0.14.2",
  "serial": 171,
  "lineage": "93a69333-87ee-9de7-1184-9b49b62ff125",
  "outputs": {},
  "resources": [
    {
      "mode": "data",
      "type": "digitalocean_ssh_key",
      "name": "main",
      "provider": "provider[\"registry.terraform.io/digitalocean/digitalocean\"]",
      "instances": [
        {
          "schema_version": 0,
          "attributes": {
            "fingerprint": "16:41:bd:f7:08:23:e0:78:23:75:8c:9b:5f:13:2b:ca",
            "id": 29454592,
            "name": "dokey",
            "public_key": "ssh-rsa AAAAB3NzaC1yc2EAAAADAQABAAABgQDM/xTopDkMcRkxpbDUoOjI3bdkaqwOs1mD67prdZUe9RvJ8TThwoThVuwQOwqKlTSxCVWTg49/BB4Fbl+DdFnSNm800qKIVe0rkRZ7sgNu1/g4Ay++uFctnRzkpHNPSKdlcxdclJmog+YvWKhssbuz33/234a5i6bpuXoXcW2yo+C4Q4ICIoDF1xSSWJOGPs8D2nMUctq23v3MSBqP9c8iwSUwLG2uEjQeU8ZizDPLTkyj+K6V+YjoZmBjY3IZRO0P8w59+/vfTOoavFyh0Nv6sX1MfbS7SqQDXrvalXcujGMEERaRGHLckvmbq9BhoQCEiwmmpB0+HNcVmhbnRX00+UW1Mh25lU8dLBq/5KdiGzj3T1hKXaHsje790cDUV/4L3OdrFkjHbkEX7RqvxVCOCOskbEDrhx5yrFFHmWoz9Uu366NEJks2IWL5o1sfFqpEF2v3OyeeFZKN3aFo0Y9PdaVWvNw/mAQJkbd50oDaRX5GD4kJmbIlhu/qKaZWacc= joshual@ShuaBookPro.local"
          },
          "sensitive_attributes": []
        }
      ]
    },
    {
      "mode": "managed",
      "type": "digitalocean_droplet",
      "name": "cms",
      "provider": "provider[\"registry.terraform.io/digitalocean/digitalocean\"]",
      "instances": [
        {
          "schema_version": 1,
          "attributes": {
            "backups": false,
            "created_at": "2021-01-27T18:11:52Z",
            "disk": 25,
            "id": "228628796",
            "image": "ubuntu-20-10-x64",
            "ipv4_address": "143.110.231.187",
            "ipv4_address_private": "10.124.0.5",
            "ipv6": false,
            "ipv6_address": "",
            "locked": false,
            "memory": 1024,
            "monitoring": false,
            "name": "test-cms",
            "price_hourly": 0.00744,
            "price_monthly": 5,
            "private_networking": true,
            "region": "sfo3",
            "resize_disk": true,
            "size": "s-1vcpu-1gb",
            "ssh_keys": [
              "29454592"
            ],
            "status": "active",
            "tags": null,
            "urn": "do:droplet:228628796",
            "user_data": "0c91c82ddbe1e40def4cf9e5a1f8e6d4e17bf065",
            "vcpus": 1,
            "volume_ids": [],
            "vpc_uuid": "9915d35e-eb12-42d1-a5a3-f3b7348b5c2c"
          },
          "sensitive_attributes": [],
          "private": "eyJzY2hlbWFfdmVyc2lvbiI6IjEifQ==",
          "dependencies": [
            "data.digitalocean_ssh_key.main"
          ],
          "create_before_destroy": true
        }
      ]
    }
  ]
}
